
Microsoft Visual Studio Solution File, Format Version 12.00
# Visual Studio Version 16
VisualStudioVersion = 16.0.31702.278
MinimumVisualStudioVersion = 10.0.40219.1
Project("{FAE04EC0-301F-11D3-BF4B-00C04F79EFBC}") = "Plamadeala_Maria_Lab2", "Plamadeala_Maria_Lab2.csproj", "{22EA4BD4-F20A-49FF-8DDA-ECF7FEEE61DE}"
EndProject
Global
	GlobalSection(SolutionConfigurationPlatforms) = preSolution
		Debug|Any CPU = Debug|Any CPU
		Release|Any CPU = Release|Any CPU
	EndGlobalSection
	GlobalSection(ProjectConfigurationPlatforms) = postSolution
		{22EA4BD4-F20A-49FF-8DDA-ECF7FEEE61DE}.Debug|Any CPU.ActiveCfg = Debug|Any CPU
		{22EA4BD4-F20A-49FF-8DDA-ECF7FEEE61DE}.Debug|Any CPU.Build.0 = Debug|Any CPU
		{22EA4BD4-F20A-49FF-8DDA-ECF7FEEE61DE}.Release|Any CPU.ActiveCfg = Release|Any CPU
		{22EA4BD4-F20A-49FF-8DDA-ECF7FEEE61DE}.Release|Any CPU.Build.0 = Release|Any CPU
	EndGlobalSection
	GlobalSection(SolutionProperties) = preSolution
		HideSolutionNode = FALSE
	EndGlobalSection
	GlobalSection(ExtensibilityGlobals) = postSolution
		SolutionGuid = {88319C14-4785-44EA-A3CC-EFCA0A4082DC}
	EndGlobalSection
EndGlobal
